// !$*UTF8*$!
{
	archiveVersion = 1;
	classes = {
	};
	objectVersion = 50;
	objects = {

/* Begin PBXBuildFile section */
		520F73E9262754A300632363 /* DataServiceProtocol.swift in Sources */ = {isa = PBXBuildFile; fileRef = 520F73E3262754A300632363 /* DataServiceProtocol.swift */; };
		520F73EA262754A300632363 /* DataService.swift in Sources */ = {isa = PBXBuildFile; fileRef = 520F73E4262754A300632363 /* DataService.swift */; };
		520F73EB262754A300632363 /* Quiz.swift in Sources */ = {isa = PBXBuildFile; fileRef = 520F73E5262754A300632363 /* Quiz.swift */; };
		520F73EC262754A300632363 /* Question.swift in Sources */ = {isa = PBXBuildFile; fileRef = 520F73E6262754A300632363 /* Question.swift */; };
		520F73ED262754A300632363 /* QuizCategory.swift in Sources */ = {isa = PBXBuildFile; fileRef = 520F73E7262754A300632363 /* QuizCategory.swift */; };
		520F73EE262754A300632363 /* LoginStatus.swift in Sources */ = {isa = PBXBuildFile; fileRef = 520F73E8262754A300632363 /* LoginStatus.swift */; };
		520F73F52627729E00632363 /* QuizzesViewController.swift in Sources */ = {isa = PBXBuildFile; fileRef = 520F73F42627729E00632363 /* QuizzesViewController.swift */; };
		523CB5AD2627240E0069B862 /* LoginViewController.swift in Sources */ = {isa = PBXBuildFile; fileRef = 523CB5AC2627240E0069B862 /* LoginViewController.swift */; };
		52434C89261E28A9005522AD /* AppDelegate.swift in Sources */ = {isa = PBXBuildFile; fileRef = 52434C88261E28A9005522AD /* AppDelegate.swift */; };
		52434C8B261E28A9005522AD /* SceneDelegate.swift in Sources */ = {isa = PBXBuildFile; fileRef = 52434C8A261E28A9005522AD /* SceneDelegate.swift */; };
		52434C90261E28A9005522AD /* Main.storyboard in Resources */ = {isa = PBXBuildFile; fileRef = 52434C8E261E28A9005522AD /* Main.storyboard */; };
		52434C92261E28AC005522AD /* Assets.xcassets in Resources */ = {isa = PBXBuildFile; fileRef = 52434C91261E28AC005522AD /* Assets.xcassets */; };
		52434C95261E28AC005522AD /* LaunchScreen.storyboard in Resources */ = {isa = PBXBuildFile; fileRef = 52434C93261E28AC005522AD /* LaunchScreen.storyboard */; };
		A59FA11D100D9A6EF3174FBA /* Pods_QuizApp.framework in Frameworks */ = {isa = PBXBuildFile; fileRef = C0F872AB9E6671755366DCFA /* Pods_QuizApp.framework */; };
/* End PBXBuildFile section */

/* Begin PBXFileReference section */
		520F73E3262754A300632363 /* DataServiceProtocol.swift */ = {isa = PBXFileReference; fileEncoding = 4; lastKnownFileType = sourcecode.swift; name = DataServiceProtocol.swift; path = ../../../../Downloads/Data/DataServiceProtocol.swift; sourceTree = "<group>"; };
		520F73E4262754A300632363 /* DataService.swift */ = {isa = PBXFileReference; fileEncoding = 4; lastKnownFileType = sourcecode.swift; name = DataService.swift; path = ../../../../Downloads/Data/DataService.swift; sourceTree = "<group>"; };
		520F73E5262754A300632363 /* Quiz.swift */ = {isa = PBXFileReference; fileEncoding = 4; lastKnownFileType = sourcecode.swift; name = Quiz.swift; path = ../../../../Downloads/Data/Models/Quiz.swift; sourceTree = "<group>"; };
		520F73E6262754A300632363 /* Question.swift */ = {isa = PBXFileReference; fileEncoding = 4; lastKnownFileType = sourcecode.swift; name = Question.swift; path = ../../../../Downloads/Data/Models/Question.swift; sourceTree = "<group>"; };
		520F73E7262754A300632363 /* QuizCategory.swift */ = {isa = PBXFileReference; fileEncoding = 4; lastKnownFileType = sourcecode.swift; name = QuizCategory.swift; path = ../../../../Downloads/Data/Models/QuizCategory.swift; sourceTree = "<group>"; };
		520F73E8262754A300632363 /* LoginStatus.swift */ = {isa = PBXFileReference; fileEncoding = 4; lastKnownFileType = sourcecode.swift; name = LoginStatus.swift; path = ../../../../Downloads/Data/Models/LoginStatus.swift; sourceTree = "<group>"; };
		520F73F42627729E00632363 /* QuizzesViewController.swift */ = {isa = PBXFileReference; lastKnownFileType = sourcecode.swift; path = QuizzesViewController.swift; sourceTree = "<group>"; };
		523CB5AC2627240E0069B862 /* LoginViewController.swift */ = {isa = PBXFileReference; lastKnownFileType = sourcecode.swift; path = LoginViewController.swift; sourceTree = "<group>"; };
		52434C85261E28A9005522AD /* QuizApp.app */ = {isa = PBXFileReference; explicitFileType = wrapper.application; includeInIndex = 0; path = QuizApp.app; sourceTree = BUILT_PRODUCTS_DIR; };
		52434C88261E28A9005522AD /* AppDelegate.swift */ = {isa = PBXFileReference; lastKnownFileType = sourcecode.swift; path = AppDelegate.swift; sourceTree = "<group>"; };
		52434C8A261E28A9005522AD /* SceneDelegate.swift */ = {isa = PBXFileReference; lastKnownFileType = sourcecode.swift; path = SceneDelegate.swift; sourceTree = "<group>"; };
		52434C8F261E28A9005522AD /* Base */ = {isa = PBXFileReference; lastKnownFileType = file.storyboard; name = Base; path = Base.lproj/Main.storyboard; sourceTree = "<group>"; };
		52434C91261E28AC005522AD /* Assets.xcassets */ = {isa = PBXFileReference; lastKnownFileType = folder.assetcatalog; path = Assets.xcassets; sourceTree = "<group>"; };
		52434C94261E28AC005522AD /* Base */ = {isa = PBXFileReference; lastKnownFileType = file.storyboard; name = Base; path = Base.lproj/LaunchScreen.storyboard; sourceTree = "<group>"; };
		52434C96261E28AC005522AD /* Info.plist */ = {isa = PBXFileReference; lastKnownFileType = text.plist.xml; path = Info.plist; sourceTree = "<group>"; };
		58D875485ABD7D650FF00177 /* Pods-QuizApp.debug.xcconfig */ = {isa = PBXFileReference; includeInIndex = 1; lastKnownFileType = text.xcconfig; name = "Pods-QuizApp.debug.xcconfig"; path = "Target Support Files/Pods-QuizApp/Pods-QuizApp.debug.xcconfig"; sourceTree = "<group>"; };
		A636FD487C8D70C315E2D8B0 /* Pods-QuizApp.release.xcconfig */ = {isa = PBXFileReference; includeInIndex = 1; lastKnownFileType = text.xcconfig; name = "Pods-QuizApp.release.xcconfig"; path = "Target Support Files/Pods-QuizApp/Pods-QuizApp.release.xcconfig"; sourceTree = "<group>"; };
		C0F872AB9E6671755366DCFA /* Pods_QuizApp.framework */ = {isa = PBXFileReference; explicitFileType = wrapper.framework; includeInIndex = 0; path = Pods_QuizApp.framework; sourceTree = BUILT_PRODUCTS_DIR; };
/* End PBXFileReference section */

/* Begin PBXFrameworksBuildPhase section */
		52434C82261E28A9005522AD /* Frameworks */ = {
			isa = PBXFrameworksBuildPhase;
			buildActionMask = 2147483647;
			files = (
				A59FA11D100D9A6EF3174FBA /* Pods_QuizApp.framework in Frameworks */,
			);
			runOnlyForDeploymentPostprocessing = 0;
		};
/* End PBXFrameworksBuildPhase section */

/* Begin PBXGroup section */
		179344547D3FC9DB486B4CBD /* Pods */ = {
			isa = PBXGroup;
			children = (
				58D875485ABD7D650FF00177 /* Pods-QuizApp.debug.xcconfig */,
				A636FD487C8D70C315E2D8B0 /* Pods-QuizApp.release.xcconfig */,
			);
			path = Pods;
			sourceTree = "<group>";
		};
		52434C7C261E28A9005522AD = {
			isa = PBXGroup;
			children = (
				52434C87261E28A9005522AD /* QuizApp */,
				52434C86261E28A9005522AD /* Products */,
				179344547D3FC9DB486B4CBD /* Pods */,
				5D1ADA4510631AB1A52DB10E /* Frameworks */,
			);
			sourceTree = "<group>";
		};
		52434C86261E28A9005522AD /* Products */ = {
			isa = PBXGroup;
			children = (
				52434C85261E28A9005522AD /* QuizApp.app */,
			);
			name = Products;
			sourceTree = "<group>";
		};
		52434C87261E28A9005522AD /* QuizApp */ = {
			isa = PBXGroup;
			children = (
				520F73E4262754A300632363 /* DataService.swift */,
				520F73E3262754A300632363 /* DataServiceProtocol.swift */,
				520F73E8262754A300632363 /* LoginStatus.swift */,
				520F73E6262754A300632363 /* Question.swift */,
				520F73E5262754A300632363 /* Quiz.swift */,
				520F73E7262754A300632363 /* QuizCategory.swift */,
				52434C88261E28A9005522AD /* AppDelegate.swift */,
				52434C8A261E28A9005522AD /* SceneDelegate.swift */,
				523CB5AC2627240E0069B862 /* LoginViewController.swift */,
				520F73F42627729E00632363 /* QuizzesViewController.swift */,
				52434C8E261E28A9005522AD /* Main.storyboard */,
				52434C91261E28AC005522AD /* Assets.xcassets */,
				52434C93261E28AC005522AD /* LaunchScreen.storyboard */,
				52434C96261E28AC005522AD /* Info.plist */,
			);
			path = QuizApp;
			sourceTree = "<group>";
		};
		5D1ADA4510631AB1A52DB10E /* Frameworks */ = {
			isa = PBXGroup;
			children = (
				C0F872AB9E6671755366DCFA /* Pods_QuizApp.framework */,
			);
			name = Frameworks;
			sourceTree = "<group>";
		};
/* End PBXGroup section */

/* Begin PBXNativeTarget section */
		52434C84261E28A9005522AD /* QuizApp */ = {
			isa = PBXNativeTarget;
			buildConfigurationList = 52434C99261E28AC005522AD /* Build configuration list for PBXNativeTarget "QuizApp" */;
			buildPhases = (
				C3C833F41932F3A4DD7E0564 /* [CP] Check Pods Manifest.lock */,
				52434C81261E28A9005522AD /* Sources */,
				52434C82261E28A9005522AD /* Frameworks */,
				52434C83261E28A9005522AD /* Resources */,
			);
			buildRules = (
			);
			dependencies = (
			);
			name = QuizApp;
			productName = QuizApp;
			productReference = 52434C85261E28A9005522AD /* QuizApp.app */;
			productType = "com.apple.product-type.application";
		};
/* End PBXNativeTarget section */

/* Begin PBXProject section */
		52434C7D261E28A9005522AD /* Project object */ = {
			isa = PBXProject;
			attributes = {
				LastSwiftUpdateCheck = 1240;
				LastUpgradeCheck = 1240;
				TargetAttributes = {
					52434C84261E28A9005522AD = {
						CreatedOnToolsVersion = 12.4;
					};
				};
			};
			buildConfigurationList = 52434C80261E28A9005522AD /* Build configuration list for PBXProject "QuizApp" */;
			compatibilityVersion = "Xcode 9.3";
			developmentRegion = en;
			hasScannedForEncodings = 0;
			knownRegions = (
				en,
				Base,
			);
			mainGroup = 52434C7C261E28A9005522AD;
			productRefGroup = 52434C86261E28A9005522AD /* Products */;
			projectDirPath = "";
			projectRoot = "";
			targets = (
				52434C84261E28A9005522AD /* QuizApp */,
			);
		};
/* End PBXProject section */

/* Begin PBXResourcesBuildPhase section */
		52434C83261E28A9005522AD /* Resources */ = {
			isa = PBXResourcesBuildPhase;
			buildActionMask = 2147483647;
			files = (
				52434C95261E28AC005522AD /* LaunchScreen.storyboard in Resources */,
				52434C92261E28AC005522AD /* Assets.xcassets in Resources */,
				52434C90261E28A9005522AD /* Main.storyboard in Resources */,
			);
			runOnlyForDeploymentPostprocessing = 0;
		};
/* End PBXResourcesBuildPhase section */

/* Begin PBXShellScriptBuildPhase section */
		C3C833F41932F3A4DD7E0564 /* [CP] Check Pods Manifest.lock */ = {
			isa = PBXShellScriptBuildPhase;
			buildActionMask = 2147483647;
			files = (
			);
			inputFileListPaths = (
			);
			inputPaths = (
				"${PODS_PODFILE_DIR_PATH}/Podfile.lock",
				"${PODS_ROOT}/Manifest.lock",
			);
			name = "[CP] Check Pods Manifest.lock";
			outputFileListPaths = (
			);
			outputPaths = (
				"$(DERIVED_FILE_DIR)/Pods-QuizApp-checkManifestLockResult.txt",
			);
			runOnlyForDeploymentPostprocessing = 0;
			shellPath = /bin/sh;
			shellScript = "diff \"${PODS_PODFILE_DIR_PATH}/Podfile.lock\" \"${PODS_ROOT}/Manifest.lock\" > /dev/null\nif [ $? != 0 ] ; then\n    # print error to STDERR\n    echo \"error: The sandbox is not in sync with the Podfile.lock. Run 'pod install' or update your CocoaPods installation.\" >&2\n    exit 1\nfi\n# This output is used by Xcode 'outputs' to avoid re-running this script phase.\necho \"SUCCESS\" > \"${SCRIPT_OUTPUT_FILE_0}\"\n";
			showEnvVarsInLog = 0;
		};
/* End PBXShellScriptBuildPhase section */

/* Begin PBXSourcesBuildPhase section */
		52434C81261E28A9005522AD /* Sources */ = {
			isa = PBXSourcesBuildPhase;
			buildActionMask = 2147483647;
			files = (
				520F73EE262754A300632363 /* LoginStatus.swift in Sources */,
				52434C89261E28A9005522AD /* AppDelegate.swift in Sources */,
				520F73E9262754A300632363 /* DataServiceProtocol.swift in Sources */,
				520F73EC262754A300632363 /* Question.swift in Sources */,
				520F73F52627729E00632363 /* QuizzesViewController.swift in Sources */,
				520F73ED262754A300632363 /* QuizCategory.swift in Sources */,
				523CB5AD2627240E0069B862 /* LoginViewController.swift in Sources */,
				52434C8B261E28A9005522AD /* SceneDelegate.swift in Sources */,
				520F73EA262754A300632363 /* DataService.swift in Sources */,
				520F73EB262754A300632363 /* Quiz.swift in Sources */,
			);
			runOnlyForDeploymentPostprocessing = 0;
		};
/* End PBXSourcesBuildPhase section */

/* Begin PBXVariantGroup section */
		52434C8E261E28A9005522AD /* Main.storyboard */ = {
			isa = PBXVariantGroup;
			children = (
				52434C8F261E28A9005522AD /* Base */,
			);
			name = Main.storyboard;
			sourceTree = "<group>";
		};
		52434C93261E28AC005522AD /* LaunchScreen.storyboard */ = {
			isa = PBXVariantGroup;
			children = (
				52434C94261E28AC005522AD /* Base */,
			);
			name = LaunchScreen.storyboard;
			sourceTree = "<group>";
		};
/* End PBXVariantGroup section */

/* Begin XCBuildConfiguration section */
		52434C97261E28AC005522AD /* Debug */ = {
			isa = XCBuildConfiguration;
			buildSettings = {
				ALWAYS_SEARCH_USER_PATHS = NO;
				CLANG_ANALYZER_NONNULL = YES;
				CLANG_ANALYZER_NUMBER_OBJECT_CONVERSION = YES_AGGRESSIVE;
				CLANG_CXX_LANGUAGE_STANDARD = "gnu++14";
				CLANG_CXX_LIBRARY = "libc++";
				CLANG_ENABLE_MODULES = YES;
				CLANG_ENABLE_OBJC_ARC = YES;
				CLANG_ENABLE_OBJC_WEAK = YES;
				CLANG_WARN_BLOCK_CAPTURE_AUTORELEASING = YES;
				CLANG_WARN_BOOL_CONVERSION = YES;
				CLANG_WARN_COMMA = YES;
				CLANG_WARN_CONSTANT_CONVERSION = YES;
				CLANG_WARN_DEPRECATED_OBJC_IMPLEMENTATIONS = YES;
				CLANG_WARN_DIRECT_OBJC_ISA_USAGE = YES_ERROR;
				CLANG_WARN_DOCUMENTATION_COMMENTS = YES;
				CLANG_WARN_EMPTY_BODY = YES;
				CLANG_WARN_ENUM_CONVERSION = YES;
				CLANG_WARN_INFINITE_RECURSION = YES;
				CLANG_WARN_INT_CONVERSION = YES;
				CLANG_WARN_NON_LITERAL_NULL_CONVERSION = YES;
				CLANG_WARN_OBJC_IMPLICIT_RETAIN_SELF = YES;
				CLANG_WARN_OBJC_LITERAL_CONVERSION = YES;
				CLANG_WARN_OBJC_ROOT_CLASS = YES_ERROR;
				CLANG_WARN_QUOTED_INCLUDE_IN_FRAMEWORK_HEADER = YES;
				CLANG_WARN_RANGE_LOOP_ANALYSIS = YES;
				CLANG_WARN_STRICT_PROTOTYPES = YES;
				CLANG_WARN_SUSPICIOUS_MOVE = YES;
				CLANG_WARN_UNGUARDED_AVAILABILITY = YES_AGGRESSIVE;
				CLANG_WARN_UNREACHABLE_CODE = YES;
				CLANG_WARN__DUPLICATE_METHOD_MATCH = YES;
				COPY_PHASE_STRIP = NO;
				DEBUG_INFORMATION_FORMAT = dwarf;
				ENABLE_STRICT_OBJC_MSGSEND = YES;
				ENABLE_TESTABILITY = YES;
				GCC_C_LANGUAGE_STANDARD = gnu11;
				GCC_DYNAMIC_NO_PIC = NO;
				GCC_NO_COMMON_BLOCKS = YES;
				GCC_OPTIMIZATION_LEVEL = 0;
				GCC_PREPROCESSOR_DEFINITIONS = (
					"DEBUG=1",
					"$(inherited)",
				);
				GCC_WARN_64_TO_32_BIT_CONVERSION = YES;
				GCC_WARN_ABOUT_RETURN_TYPE = YES_ERROR;
				GCC_WARN_UNDECLARED_SELECTOR = YES;
				GCC_WARN_UNINITIALIZED_AUTOS = YES_AGGRESSIVE;
				GCC_WARN_UNUSED_FUNCTION = YES;
				GCC_WARN_UNUSED_VARIABLE = YES;
				IPHONEOS_DEPLOYMENT_TARGET = 14.4;
				MTL_ENABLE_DEBUG_INFO = INCLUDE_SOURCE;
				MTL_FAST_MATH = YES;
				ONLY_ACTIVE_ARCH = YES;
				SDKROOT = iphoneos;
				SWIFT_ACTIVE_COMPILATION_CONDITIONS = DEBUG;
				SWIFT_OPTIMIZATION_LEVEL = "-Onone";
			};
			name = Debug;
		};
		52434C98261E28AC005522AD /* Release */ = {
			isa = XCBuildConfiguration;
			buildSettings = {
				ALWAYS_SEARCH_USER_PATHS = NO;
				CLANG_ANALYZER_NONNULL = YES;
				CLANG_ANALYZER_NUMBER_OBJECT_CONVERSION = YES_AGGRESSIVE;
				CLANG_CXX_LANGUAGE_STANDARD = "gnu++14";
				CLANG_CXX_LIBRARY = "libc++";
				CLANG_ENABLE_MODULES = YES;
				CLANG_ENABLE_OBJC_ARC = YES;
				CLANG_ENABLE_OBJC_WEAK = YES;
				CLANG_WARN_BLOCK_CAPTURE_AUTORELEASING = YES;
				CLANG_WARN_BOOL_CONVERSION = YES;
				CLANG_WARN_COMMA = YES;
				CLANG_WARN_CONSTANT_CONVERSION = YES;
				CLANG_WARN_DEPRECATED_OBJC_IMPLEMENTATIONS = YES;
				CLANG_WARN_DIRECT_OBJC_ISA_USAGE = YES_ERROR;
				CLANG_WARN_DOCUMENTATION_COMMENTS = YES;
				CLANG_WARN_EMPTY_BODY = YES;
				CLANG_WARN_ENUM_CONVERSION = YES;
				CLANG_WARN_INFINITE_RECURSION = YES;
				CLANG_WARN_INT_CONVERSION = YES;
				CLANG_WARN_NON_LITERAL_NULL_CONVERSION = YES;
				CLANG_WARN_OBJC_IMPLICIT_RETAIN_SELF = YES;
				CLANG_WARN_OBJC_LITERAL_CONVERSION = YES;
				CLANG_WARN_OBJC_ROOT_CLASS = YES_ERROR;
				CLANG_WARN_QUOTED_INCLUDE_IN_FRAMEWORK_HEADER = YES;
				CLANG_WARN_RANGE_LOOP_ANALYSIS = YES;
				CLANG_WARN_STRICT_PROTOTYPES = YES;
				CLANG_WARN_SUSPICIOUS_MOVE = YES;
				CLANG_WARN_UNGUARDED_AVAILABILITY = YES_AGGRESSIVE;
				CLANG_WARN_UNREACHABLE_CODE = YES;
				CLANG_WARN__DUPLICATE_METHOD_MATCH = YES;
				COPY_PHASE_STRIP = NO;
				DEBUG_INFORMATION_FORMAT = "dwarf-with-dsym";
				ENABLE_NS_ASSERTIONS = NO;
				ENABLE_STRICT_OBJC_MSGSEND = YES;
				GCC_C_LANGUAGE_STANDARD = gnu11;
				GCC_NO_COMMON_BLOCKS = YES;
				GCC_WARN_64_TO_32_BIT_CONVERSION = YES;
				GCC_WARN_ABOUT_RETURN_TYPE = YES_ERROR;
				GCC_WARN_UNDECLARED_SELECTOR = YES;
				GCC_WARN_UNINITIALIZED_AUTOS = YES_AGGRESSIVE;
				GCC_WARN_UNUSED_FUNCTION = YES;
				GCC_WARN_UNUSED_VARIABLE = YES;
				IPHONEOS_DEPLOYMENT_TARGET = 14.4;
				MTL_ENABLE_DEBUG_INFO = NO;
				MTL_FAST_MATH = YES;
				SDKROOT = iphoneos;
				SWIFT_COMPILATION_MODE = wholemodule;
				SWIFT_OPTIMIZATION_LEVEL = "-O";
				VALIDATE_PRODUCT = YES;
			};
			name = Release;
		};
		52434C9A261E28AC005522AD /* Debug */ = {
			isa = XCBuildConfiguration;
			baseConfigurationReference = 58D875485ABD7D650FF00177 /* Pods-QuizApp.debug.xcconfig */;
			buildSettings = {
				ASSETCATALOG_COMPILER_APPICON_NAME = AppIcon;
				ASSETCATALOG_COMPILER_GLOBAL_ACCENT_COLOR_NAME = AccentColor;
				CODE_SIGN_STYLE = Automatic;
				INFOPLIST_FILE = QuizApp/Info.plist;
				LD_RUNPATH_SEARCH_PATHS = (
					"$(inherited)",
					"@executable_path/Frameworks",
				);
				PRODUCT_BUNDLE_IDENTIFIER = hr.fer.lovre.petesic.QuizApp;
				PRODUCT_NAME = "$(TARGET_NAME)";
				SWIFT_VERSION = 5.0;
				TARGETED_DEVICE_FAMILY = "1,2";
			};
			name = Debug;
		};
		52434C9B261E28AC005522AD /* Release */ = {
			isa = XCBuildConfiguration;
			baseConfigurationReference = A636FD487C8D70C315E2D8B0 /* Pods-QuizApp.release.xcconfig */;
			buildSettings = {
				ASSETCATALOG_COMPILER_APPICON_NAME = AppIcon;
				ASSETCATALOG_COMPILER_GLOBAL_ACCENT_COLOR_NAME = AccentColor;
				CODE_SIGN_STYLE = Automatic;
				INFOPLIST_FILE = QuizApp/Info.plist;
				LD_RUNPATH_SEARCH_PATHS = (
					"$(inherited)",
					"@executable_path/Frameworks",
				);
				PRODUCT_BUNDLE_IDENTIFIER = hr.fer.lovre.petesic.QuizApp;
				PRODUCT_NAME = "$(TARGET_NAME)";
				SWIFT_VERSION = 5.0;
				TARGETED_DEVICE_FAMILY = "1,2";
			};
			name = Release;
		};
/* End XCBuildConfiguration section */

/* Begin XCConfigurationList section */
		52434C80261E28A9005522AD /* Build configuration list for PBXProject "QuizApp" */ = {
			isa = XCConfigurationList;
			buildConfigurations = (
				52434C97261E28AC005522AD /* Debug */,
				52434C98261E28AC005522AD /* Release */,
			);
			defaultConfigurationIsVisible = 0;
			defaultConfigurationName = Release;
		};
		52434C99261E28AC005522AD /* Build configuration list for PBXNativeTarget "QuizApp" */ = {
			isa = XCConfigurationList;
			buildConfigurations = (
				52434C9A261E28AC005522AD /* Debug */,
				52434C9B261E28AC005522AD /* Release */,
			);
			defaultConfigurationIsVisible = 0;
			defaultConfigurationName = Release;
		};
/* End XCConfigurationList section */
	};
	rootObject = 52434C7D261E28A9005522AD /* Project object */;
}
